
Microsoft Visual Studio Solution File, Format Version 12.00
# Visual Studio Version 17
VisualStudioVersion = 17.5.002.0
MinimumVisualStudioVersion = 10.0.40219.1
Project("{9A19103F-16F7-4668-BE54-9A1E7A4F7556}") = "Buoi04", "Buoi04.csproj", "{C6362503-8DD0-4687-8E5E-8568C66FC06E}"
EndProject
Global
	GlobalSection(SolutionConfigurationPlatforms) = preSolution
		Debug|Any CPU = Debug|Any CPU
		Release|Any CPU = Release|Any CPU
	EndGlobalSection
	GlobalSection(ProjectConfigurationPlatforms) = postSolution
		{C6362503-8DD0-4687-8E5E-8568C66FC06E}.Debug|Any CPU.ActiveCfg = Debug|Any CPU
		{C6362503-8DD0-4687-8E5E-8568C66FC06E}.Debug|Any CPU.Build.0 = Debug|Any CPU
		{C6362503-8DD0-4687-8E5E-8568C66FC06E}.Release|Any CPU.ActiveCfg = Release|Any CPU
		{C6362503-8DD0-4687-8E5E-8568C66FC06E}.Release|Any CPU.Build.0 = Release|Any CPU
	EndGlobalSection
	GlobalSection(SolutionProperties) = preSolution
		HideSolutionNode = FALSE
	EndGlobalSection
	GlobalSection(ExtensibilityGlobals) = postSolution
		SolutionGuid = {1565363E-A955-468B-B063-1824F59C3575}
	EndGlobalSection
EndGlobal
